{
    "_meta": {
        "hash": {
            "sha256": "472ba8e458db2e5b8b84346e848cf0f9d673f2c245c133baf24c0b5b73aa346b"
        },
        "pipfile-spec": 6,
        "requires": {
            "python_version": "3.6"
        },
        "sources": [
            {
                "name": "pypi",
                "url": "https://pypi.org/simple",
                "verify_ssl": true
            }
        ]
    },
    "default": {
        "atari-py": {
            "hashes": [
                "sha256:1edf44b1dcff5615833fe065e8d033caa00be295d9f37688dd04bd45bb7c0002",
                "sha256:2bea3c84913bf795aeef16cf9611cad6fa71db00460b5c375a10a0e03f6a566d",
                "sha256:43023615143c27ed77a050baa3a7afc3d00d4dae3e647d53129111b6d73a314f",
                "sha256:46c2627ff636e026575b47f2f01d4a2b353dc722100fd969488dcfdcb4ed0806",
                "sha256:4d54de91ff708045da45d9cd9f48c4f99366ede4caa5553c6b8001242487606c",
                "sha256:4f5b476f85e64bf1d03afb4e2f222efcd4e289d91ae1ce85a1c6c675c352f4c5",
                "sha256:537e96224557ba48e4a20fe23ffcdc317868135a3e32a65e79352a94cb349be1",
                "sha256:5419e75cbdfeebb668e91065714db2a3f4d54ebd0dab9520cb2e76d6e631eb97",
                "sha256:5f46844bf71736495a1557af5af3e7c4f5620aea132ab08189ffb945812846e5",
                "sha256:63ca3a23e18a40a969c60135ec5c6714cf43897933a8916de550ccc223f84403",
                "sha256:6be73abc6c48badd9bcb5db7ddf97c3aaf8b9808885c568c6f83e869374005e9",
                "sha256:6d80549e259cc94dac176733e573b40ae556745fc687cc433008d3124a5c82c0",
                "sha256:7a481c265fb58296f96cde0209190ad30640b593cc64611e441782b7884cd185",
                "sha256:804597763208d0b576baf66e69680e424dcbffca17fb983749dfe5e5744b360b",
                "sha256:a9703b7e5a3330465f71297918cb0e2bcdc086317388c0f43b4b1f93f4a9147b",
                "sha256:cb1b4355e3e4b628e272de8317e8dceeadeeabb821b33800409e17ffc3095e20",
                "sha256:d1441c080f50ca95991982509537bbdacb4435ca00af1dd22ca19d4237e6b5cc"
            ],
            "version": "==0.2.9"
        },
        "backcall": {
            "hashes": [
                "sha256:5cbdbf27be5e7cfadb448baf0aa95508f91f2bbc6c6437cd9cd06e2a4c215e1e",
                "sha256:fbbce6a29f263178a1f7915c1940bde0ec2b2a967566fe1c65c1dfb7422bd255"
            ],
            "version": "==0.2.0"
        },
        "box2d-py": {
            "hashes": [
                "sha256:4e4c23f454bcf26d2cedf2d46e5f0651ad4ed518f0d21e14f228cab001ddbcae",
                "sha256:50cef0925b12d01013dcbe0055ae765b765711b21a324a3eb400ff705a5cc9f6",
                "sha256:6c99c75ac75bc9fa98b9914678bff47afddeea2320e7d9956f0859714a8ed579",
                "sha256:9525d8b3259800d6ae02da4bb2a1d398baca36e128e62014b25c50dcfb3beed4",
                "sha256:bdacfbbc56079bb317548efe49d3d5a86646885cc27f4a2ee97e4b2960921ab7",
                "sha256:d4c37540b7b105c47fedb9c635bc0c57920ad6b36479f34f5fd0f73a7376b379",
                "sha256:e1c1e6b038575ba25dfd95dd3725ceb8602d8376c1e8968a86383982a15cd634"
            ],
            "version": "==2.3.8"
        },
        "cffi": {
            "hashes": [
                "sha256:005a36f41773e148deac64b08f233873a4d0c18b053d37da83f6af4d9087b813",
                "sha256:04c468b622ed31d408fea2346bec5bbffba2cc44226302a0de1ade9f5ea3d373",
                "sha256:06d7cd1abac2ffd92e65c0609661866709b4b2d82dd15f611e602b9b188b0b69",
                "sha256:06db6321b7a68b2bd6df96d08a5adadc1fa0e8f419226e25b2a5fbf6ccc7350f",
                "sha256:0857f0ae312d855239a55c81ef453ee8fd24136eaba8e87a2eceba644c0d4c06",
                "sha256:0f861a89e0043afec2a51fd177a567005847973be86f709bbb044d7f42fc4e05",
                "sha256:1071534bbbf8cbb31b498d5d9db0f274f2f7a865adca4ae429e147ba40f73dea",
                "sha256:158d0d15119b4b7ff6b926536763dc0714313aa59e320ddf787502c70c4d4bee",
                "sha256:1bf1ac1984eaa7675ca8d5745a8cb87ef7abecb5592178406e55858d411eadc0",
                "sha256:1f436816fc868b098b0d63b8920de7d208c90a67212546d02f84fe78a9c26396",
                "sha256:24a570cd11895b60829e941f2613a4f79df1a27344cbbb82164ef2e0116f09c7",
                "sha256:24ec4ff2c5c0c8f9c6b87d5bb53555bf267e1e6f70e52e5a9740d32861d36b6f",
                "sha256:2894f2df484ff56d717bead0a5c2abb6b9d2bf26d6960c4604d5c48bbc30ee73",
                "sha256:29314480e958fd8aab22e4a58b355b629c59bf5f2ac2492b61e3dc06d8c7a315",
                "sha256:293e7ea41280cb28c6fcaaa0b1aa1f533b8ce060b9e701d78511e1e6c4a1de76",
                "sha256:34eff4b97f3d982fb93e2831e6750127d1355a923ebaeeb565407b3d2f8d41a1",
                "sha256:35f27e6eb43380fa080dccf676dece30bef72e4a67617ffda586641cd4508d49",
                "sha256:3c3f39fa737542161d8b0d680df2ec249334cd70a8f420f71c9304bd83c3cbed",
                "sha256:3d3dd4c9e559eb172ecf00a2a7517e97d1e96de2a5e610bd9b68cea3925b4892",
                "sha256:43e0b9d9e2c9e5d152946b9c5fe062c151614b262fda2e7b201204de0b99e482",
                "sha256:48e1c69bbacfc3d932221851b39d49e81567a4d4aac3b21258d9c24578280058",
                "sha256:51182f8927c5af975fece87b1b369f722c570fe169f9880764b1ee3bca8347b5",
                "sha256:58e3f59d583d413809d60779492342801d6e82fefb89c86a38e040c16883be53",
                "sha256:5de7970188bb46b7bf9858eb6890aad302577a5f6f75091fd7cdd3ef13ef3045",
                "sha256:65fa59693c62cf06e45ddbb822165394a288edce9e276647f0046e1ec26920f3",
                "sha256:681d07b0d1e3c462dd15585ef5e33cb021321588bebd910124ef4f4fb71aef55",
                "sha256:69e395c24fc60aad6bb4fa7e583698ea6cc684648e1ffb7fe85e3c1ca131a7d5",
                "sha256:6c97d7350133666fbb5cf4abdc1178c812cb205dc6f41d174a7b0f18fb93337e",
                "sha256:6e4714cc64f474e4d6e37cfff31a814b509a35cb17de4fb1999907575684479c",
                "sha256:72d8d3ef52c208ee1c7b2e341f7d71c6fd3157138abf1a95166e6165dd5d4369",
                "sha256:8ae6299f6c68de06f136f1f9e69458eae58f1dacf10af5c17353eae03aa0d827",
                "sha256:8b198cec6c72df5289c05b05b8b0969819783f9418e0409865dac47288d2a053",
                "sha256:99cd03ae7988a93dd00bcd9d0b75e1f6c426063d6f03d2f90b89e29b25b82dfa",
                "sha256:9cf8022fb8d07a97c178b02327b284521c7708d7c71a9c9c355c178ac4bbd3d4",
                "sha256:9de2e279153a443c656f2defd67769e6d1e4163952b3c622dcea5b08a6405322",
                "sha256:9e93e79c2551ff263400e1e4be085a1210e12073a31c2011dbbda14bda0c6132",
                "sha256:9ff227395193126d82e60319a673a037d5de84633f11279e336f9c0f189ecc62",
                "sha256:a465da611f6fa124963b91bf432d960a555563efe4ed1cc403ba5077b15370aa",
                "sha256:ad17025d226ee5beec591b52800c11680fca3df50b8b29fe51d882576e039ee0",
                "sha256:afb29c1ba2e5a3736f1c301d9d0abe3ec8b86957d04ddfa9d7a6a42b9367e396",
                "sha256:b85eb46a81787c50650f2392b9b4ef23e1f126313b9e0e9013b35c15e4288e2e",
                "sha256:bb89f306e5da99f4d922728ddcd6f7fcebb3241fc40edebcb7284d7514741991",
                "sha256:cbde590d4faaa07c72bf979734738f328d239913ba3e043b1e98fe9a39f8b2b6",
                "sha256:cc5a8e069b9ebfa22e26d0e6b97d6f9781302fe7f4f2b8776c3e1daea35f1adc",
                "sha256:cd2868886d547469123fadc46eac7ea5253ea7fcb139f12e1dfc2bbd406427d1",
                "sha256:d42b11d692e11b6634f7613ad8df5d6d5f8875f5d48939520d351007b3c13406",
                "sha256:df5052c5d867c1ea0b311fb7c3cd28b19df469c056f7fdcfe88c7473aa63e333",
                "sha256:f2d45f97ab6bb54753eab54fffe75aaf3de4ff2341c9daee1987ee1837636f1d",
                "sha256:fd78e5fee591709f32ef6edb9a015b4aa1a5022598e36227500c8f4e02328d9c"
            ],
            "version": "==1.14.5"
        },
        "cloudpickle": {
            "hashes": [
                "sha256:922401d7140e133253ff5fab4faa4a1166416066453a783b00b507dca93f8859",
                "sha256:f3ef2c9d438f1553ce7795afb18c1f190d8146132496169ef6aa9b7b65caa4c3"
            ],
            "version": "==1.2.2"
        },
        "cycler": {
            "hashes": [
                "sha256:1d8a5ae1ff6c5cf9b93e8811e581232ad8920aeec647c37316ceac982b08cb2d",
                "sha256:cd7b2d1018258d7247a71425e9f26463dfb444d411c39569972f4ce586b0c9d8"
            ],
            "version": "==0.10.0"
        },
        "cython": {
            "hashes": [
                "sha256:0c4b9f7e3aa004cf3f364e3e772f55fec5740485bafea99d1f13bdc9bbd8a545",
                "sha256:20402ef316393168909926ab21848aa6e08e39bed5003b657139774e66166cd0",
                "sha256:20cb50d9fede8029bdb50875458f07a27f909289aeed4cdb9c19544dd9a9bc45",
                "sha256:2365f3b5e6451b6bc6dcd262230656f4ade1d862ec2f6c22154deebef37c08b6",
                "sha256:266459c7e48fe3c6c492b297e4033e42d4c6863cc1a1ff7cc4034949fc574fa6",
                "sha256:282263628c5d601b313d5920f7b6d7e08c7fedbddacd080c4858aa04d86b6b4b",
                "sha256:2a3bbce689a2fddb85aa66712d93875c99bf7f64ac82b1d149ecce522a7a4e0c",
                "sha256:2af52d312e96b38ded38b34d06e22685c226b1b0e58278bd27209f5d2385d115",
                "sha256:355a6e768d91e21fbf477b61881bab64b7a2da386a166898997bccefd532cf5d",
                "sha256:37ff66039e3d138ec968ee1d1e12441fa5fb4e6a9c5458bc3c3a232f01be4a7d",
                "sha256:3b29224eb62309a10819d923dc6262f769e4f3facfee3cd06372c355e5b38b33",
                "sha256:3ef530f975e3a760e7282fce2a25f900fa63f96d17321b4aa5f5542eb9859cdf",
                "sha256:41cd0dd2ff5d78466e73409db509887a84449b400074d4f217980cedbb18e4be",
                "sha256:474c1a29ab43e29d990df279e2cf6aa96baa9208f5cd4bc76ac87ffcdf1e2945",
                "sha256:4858043ac5f96a8f0277cf63760bb39b9521c1f897678cf1d22423f3e758f4ed",
                "sha256:4b0bcf2e06a9063fc78c3243ed4003228375d532ef13b9e5d7183be8f0a52cf5",
                "sha256:4b6824b58d4373224fc76ee8bee6b35c2d17c91a1ed0fa67b88440f63daebe50",
                "sha256:4d7c3b0882d8757c601eaf288fc0d321d5c7ac6c3afb8c42eddf9325a3419cf5",
                "sha256:519fccf526d26b377e1db22f22aa44889b28bc5833ec106588cb13557e8ba2da",
                "sha256:58dc06871bfdb0592542d779714fe9f918e11ba20ac07757dd63b198bdc704fe",
                "sha256:5a6792153b728a0240e55bbb5b643f4f7e45c76319e03abf15bf367471ea1d1a",
                "sha256:5be3ae3189cf7d0e9bbeafb854496dc7030c6f6a5602d809435fab8223543a41",
                "sha256:625a16103770fd92b487b701fb0c07e5790b080f40fa11ce572a2d56d9e9fcca",
                "sha256:6a0d31452f0245daacb14c979c77e093eb1a546c760816b5eed0047686baad8e",
                "sha256:794e3df0b57e16bce7583ac909126f4cb381fe566adadb20484d89095855eedb",
                "sha256:7b7a766726d207d7cd57aff0fcb4b35ce042d3cc88a421fcdb45eeb61a5b9d12",
                "sha256:7d6a33c8a11f05f698e215bfdb837f32c27f63c20f3af863557ed91c748dc2be",
                "sha256:a8eed9c82e8fe07b8a8ffbd36018871a17458903fc25c9d015f37b54513a3efd",
                "sha256:aa3bb0928fb2aa3a8828801eb8b29af2261c199f805ae835467489e2bdd00372",
                "sha256:b0699f0dc90181f2458fdb8170455e7798a309e18f41379eda7a2dc8c7aadee0",
                "sha256:c4b82461edbbcf90f19b319006345b77474a2d7514e1476d49a14bbd55d6b797",
                "sha256:ceccc03b633113ede1f14ad914a6db5c278ce108c8ddb308a5c01c1567d8a02a",
                "sha256:ef21c51350462160456eb71df31b0869e5141e940f22c61c358bdb6e3ebc3388",
                "sha256:f4aca6bffb1c1c3c4ada3347d0b162a699c18a66e097ee08b63b3a35118fdfcc",
                "sha256:ff885f18d169759b57f116d3956e45cd2b9cba989fde348bba091544c668dc11"
            ],
            "version": "==0.29.23"
        },
        "decorator": {
            "hashes": [
                "sha256:6e5c199c16f7a9f0e3a61a4a54b3d27e7dad0dbdde92b944426cb20914376323",
                "sha256:72ecfba4320a893c53f9706bebb2d55c270c1e51a28789361aa93e4a21319ed5"
            ],
            "version": "==5.0.9"
        },
        "ffmpeg-python": {
            "hashes": [
                "sha256:65225db34627c578ef0e11c8b1eb528bb35e024752f6f10b78c011f6f64c4127",
                "sha256:ac441a0404e053f8b6a1113a77c0f452f1cfc62f6344a769475ffdc0f56c23c5"
            ],
            "index": "pypi",
            "version": "==0.2.0"
        },
        "future": {
            "hashes": [
                "sha256:b1bead90b70cf6ec3f0710ae53a525360fa360d306a86583adc6bf83a4db537d"
            ],
            "version": "==0.18.2"
        },
        "glfw": {
            "hashes": [
                "sha256:12953e121ede2e5980036cd1cc667fa7918b67799b903699616439e3deab6803",
                "sha256:464156ef108801b03f152553622f46b4b2acb080bdab91398dd22a84dfd379b3",
                "sha256:5499f1daa773f6464eb16ac4c8f64c3533408d73863987c4b9131d0a20648f1f",
                "sha256:83db9be8291a3e7ae121a443f874a3e3f3ae75c3e52e66f231db1818553811c4",
                "sha256:8f40d12e9c7599c4d10b74e74ef79c8c7175d966a7fc35e6210b951004e48cf7",
                "sha256:92e95fcf2088c371ce7411e8f34598cccbcb46c88fc7d91a5f19d15b94e961c1",
                "sha256:b0c440534224a371becafb96019f5f4340f8f65d5c2bcbfad537c3f40ca8e307"
            ],
            "version": "==2.1.0"
        },
        "gym": {
            "extras": [
                "all"
            ],
            "hashes": [
                "sha256:3b930cbe1c76bbd30455b5e82ba723dea94159a5f988e927f443324bf7cc7ddd"
            ],
            "index": "pypi",
            "version": "==0.15.4"
        },
        "imageio": {
            "hashes": [
                "sha256:3604d751f03002e8e0e7650aa71d8d9148144a87daf17cb1f3228e80747f2e6b",
                "sha256:52ddbaeca2dccf53ba2d6dec5676ca7bc3b2403ef8b37f7da78b7654bb3e10f0"
            ],
            "version": "==2.9.0"
        },
        "ipython": {
            "hashes": [
                "sha256:0f4bcf18293fb666df8511feec0403bdb7e061a5842ea6e88a3177b0ceb34ead",
                "sha256:387686dd7fc9caf29d2fddcf3116c4b07a11d9025701d220c589a430b0171d8a"
            ],
            "index": "pypi",
            "version": "==7.11.1"
        },
        "ipython-genutils": {
            "hashes": [
                "sha256:72dd37233799e619666c9f639a9da83c34013a73e8bbc79a7a6348d93c61fab8",
                "sha256:eb2e116e75ecef9d4d228fdc66af54269afa26ab4463042e33785b887c628ba8"
            ],
            "version": "==0.2.0"
        },
        "jedi": {
            "hashes": [
                "sha256:18456d83f65f400ab0c2d3319e48520420ef43b23a086fdc05dff34132f0fb93",
                "sha256:92550a404bad8afed881a137ec9a461fed49eca661414be45059329614ed0707"
            ],
            "version": "==0.18.0"
        },
        "joblib": {
            "hashes": [
                "sha256:9c17567692206d2f3fb9ecf5e991084254fe631665c450b443761c4186a613f7",
                "sha256:feeb1ec69c4d45129954f1b7034954241eedfd6ba39b5e9e4b6883be3332d5e5"
            ],
            "version": "==1.0.1"
        },
        "kiwisolver": {
            "hashes": [
                "sha256:0cd53f403202159b44528498de18f9285b04482bab2a6fc3f5dd8dbb9352e30d",
                "sha256:1e1bc12fb773a7b2ffdeb8380609f4f8064777877b2225dec3da711b421fda31",
                "sha256:225e2e18f271e0ed8157d7f4518ffbf99b9450fca398d561eb5c4a87d0986dd9",
                "sha256:232c9e11fd7ac3a470d65cd67e4359eee155ec57e822e5220322d7b2ac84fbf0",
                "sha256:31dfd2ac56edc0ff9ac295193eeaea1c0c923c0355bf948fbd99ed6018010b72",
                "sha256:33449715e0101e4d34f64990352bce4095c8bf13bed1b390773fc0a7295967b3",
                "sha256:401a2e9afa8588589775fe34fc22d918ae839aaaf0c0e96441c0fdbce6d8ebe6",
                "sha256:44a62e24d9b01ba94ae7a4a6c3fb215dc4af1dde817e7498d901e229aaf50e4e",
                "sha256:50af681a36b2a1dee1d3c169ade9fdc59207d3c31e522519181e12f1b3ba7000",
                "sha256:563c649cfdef27d081c84e72a03b48ea9408c16657500c312575ae9d9f7bc1c3",
                "sha256:5989db3b3b34b76c09253deeaf7fbc2707616f130e166996606c284395da3f18",
                "sha256:5a7a7dbff17e66fac9142ae2ecafb719393aaee6a3768c9de2fd425c63b53e21",
                "sha256:5c3e6455341008a054cccee8c5d24481bcfe1acdbc9add30aa95798e95c65621",
                "sha256:5f6ccd3dd0b9739edcf407514016108e2280769c73a85b9e59aa390046dbf08b",
                "sha256:72c99e39d005b793fb7d3d4e660aed6b6281b502e8c1eaf8ee8346023c8e03bc",
                "sha256:78751b33595f7f9511952e7e60ce858c6d64db2e062afb325985ddbd34b5c131",
                "sha256:834ee27348c4aefc20b479335fd422a2c69db55f7d9ab61721ac8cd83eb78882",
                "sha256:8be8d84b7d4f2ba4ffff3665bcd0211318aa632395a1a41553250484a871d454",
                "sha256:950a199911a8d94683a6b10321f9345d5a3a8433ec58b217ace979e18f16e248",
                "sha256:a357fd4f15ee49b4a98b44ec23a34a95f1e00292a139d6015c11f55774ef10de",
                "sha256:a53d27d0c2a0ebd07e395e56a1fbdf75ffedc4a05943daf472af163413ce9598",
                "sha256:acef3d59d47dd85ecf909c359d0fd2c81ed33bdff70216d3956b463e12c38a54",
                "sha256:b38694dcdac990a743aa654037ff1188c7a9801ac3ccc548d3341014bc5ca278",
                "sha256:b9edd0110a77fc321ab090aaa1cfcaba1d8499850a12848b81be2222eab648f6",
                "sha256:c08e95114951dc2090c4a630c2385bef681cacf12636fb0241accdc6b303fd81",
                "sha256:c5518d51a0735b1e6cee1fdce66359f8d2b59c3ca85dc2b0813a8aa86818a030",
                "sha256:c8fd0f1ae9d92b42854b2979024d7597685ce4ada367172ed7c09edf2cef9cb8",
                "sha256:ca3820eb7f7faf7f0aa88de0e54681bddcb46e485beb844fcecbcd1c8bd01689",
                "sha256:cf8b574c7b9aa060c62116d4181f3a1a4e821b2ec5cbfe3775809474113748d4",
                "sha256:d3155d828dec1d43283bd24d3d3e0d9c7c350cdfcc0bd06c0ad1209c1bbc36d0",
                "sha256:f8d6f8db88049a699817fd9178782867bf22283e3813064302ac59f61d95be05",
                "sha256:fd34fbbfbc40628200730bc1febe30631347103fc8d3d4fa012c21ab9c11eca9"
            ],
            "version": "==1.3.1"
        },
        "lockfile": {
            "hashes": [
                "sha256:6aed02de03cba24efabcd600b30540140634fc06cfa603822d508d5361e9f799",
                "sha256:6c3cb24f344923d30b2785d5ad75182c8ea7ac1b6171b08657258ec7429d50fa"
            ],
            "version": "==0.12.2"
        },
        "matplotlib": {
            "hashes": [
                "sha256:08ccc8922eb4792b91c652d3e6d46b1c99073f1284d1b6705155643e8046463a",
                "sha256:161dcd807c0c3232f4dcd4a12a382d52004a498174cbfafd40646106c5bcdcc8",
                "sha256:1f9e885bfa1b148d16f82a6672d043ecf11197f6c71ae222d0546db706e52eb2",
                "sha256:2d6ab54015a7c0d727c33e36f85f5c5e4172059efdd067f7527f6e5d16ad01aa",
                "sha256:5d2e408a2813abf664bd79431107543ecb449136912eb55bb312317edecf597e",
                "sha256:61c8b740a008218eb604de518eb411c4953db0cb725dd0b32adf8a81771cab9e",
                "sha256:80f10af8378fccc136da40ea6aa4a920767476cdfb3241acb93ef4f0465dbf57",
                "sha256:819d4860315468b482f38f1afe45a5437f60f03eaede495d5ff89f2eeac89500",
                "sha256:8cc0e44905c2c8fda5637cad6f311eb9517017515a034247ab93d0cf99f8bb7a",
                "sha256:8e8e2c2fe3d873108735c6ee9884e6f36f467df4a143136209cff303b183bada",
                "sha256:98c2ffeab8b79a4e3a0af5dd9939f92980eb6e3fec10f7f313df5f35a84dacab",
                "sha256:d59bb0e82002ac49f4152963f8a1079e66794a4f454457fd2f0dcc7bf0797d30",
                "sha256:ee59b7bb9eb75932fe3787e54e61c99b628155b0cedc907864f24723ba55b309"
            ],
            "index": "pypi",
            "version": "==3.1.2"
        },
        "mujoco-py": {
            "hashes": [
                "sha256:62fd164401e576a9e7026d81a9ff23316c32b68cea4c5f671423aa073b3da2be"
            ],
            "version": "==1.50.1.68"
        },
        "numpy": {
            "hashes": [
                "sha256:1786a08236f2c92ae0e70423c45e1e62788ed33028f94ca99c4df03f5be6b3c6",
                "sha256:17aa7a81fe7599a10f2b7d95856dc5cf84a4eefa45bc96123cbbc3ebc568994e",
                "sha256:20b26aaa5b3da029942cdcce719b363dbe58696ad182aff0e5dcb1687ec946dc",
                "sha256:2d75908ab3ced4223ccba595b48e538afa5ecc37405923d1fea6906d7c3a50bc",
                "sha256:39d2c685af15d3ce682c99ce5925cc66efc824652e10990d2462dfe9b8918c6a",
                "sha256:56bc8ded6fcd9adea90f65377438f9fea8c05fcf7c5ba766bef258d0da1554aa",
                "sha256:590355aeade1a2eaba17617c19edccb7db8d78760175256e3cf94590a1a964f3",
                "sha256:70a840a26f4e61defa7bdf811d7498a284ced303dfbc35acb7be12a39b2aa121",
                "sha256:77c3bfe65d8560487052ad55c6998a04b654c2fbc36d546aef2b2e511e760971",
                "sha256:9537eecf179f566fd1c160a2e912ca0b8e02d773af0a7a1120ad4f7507cd0d26",
                "sha256:9acdf933c1fd263c513a2df3dceecea6f3ff4419d80bf238510976bf9bcb26cd",
                "sha256:ae0975f42ab1f28364dcda3dde3cf6c1ddab3e1d4b2909da0cb0191fa9ca0480",
                "sha256:b3af02ecc999c8003e538e60c89a2b37646b39b688d4e44d7373e11c2debabec",
                "sha256:b6ff59cee96b454516e47e7721098e6ceebef435e3e21ac2d6c3b8b02628eb77",
                "sha256:b765ed3930b92812aa698a455847141869ef755a87e099fddd4ccf9d81fffb57",
                "sha256:c98c5ffd7d41611407a1103ae11c8b634ad6a43606eca3e2a5a269e5d6e8eb07",
                "sha256:cf7eb6b1025d3e169989416b1adcd676624c2dbed9e3bcb7137f51bfc8cc2572",
                "sha256:d92350c22b150c1cae7ebb0ee8b5670cc84848f6359cf6b5d8f86617098a9b73",
                "sha256:e422c3152921cece8b6a2fb6b0b4d73b6579bd20ae075e7d15143e711f3ca2ca",
                "sha256:e840f552a509e3380b0f0ec977e8124d0dc34dc0e68289ca28f4d7c1d0d79474",
                "sha256:f3d0a94ad151870978fb93538e95411c83899c9dc63e6fb65542f769568ecfa5"
            ],
            "index": "pypi",
            "version": "==1.18.1"
        },
        "opencv-python": {
            "hashes": [
                "sha256:0118a086fad8d77acdf46ac68df49d4167fbb85420f8bcf2615d7b74fc03aae0",
                "sha256:050227e5728ea8316ec114aca8f43d56253cbb1c50983e3b136a988254a83118",
                "sha256:08327a38564786bf73e387736f080e8ad4c110b394ca4af2ecec8277b305bf44",
                "sha256:0a3aef70b7c53bbd22ade86a4318b8a2ad98d3c3ed3d0c315f18bf1a2d868709",
                "sha256:10325c3fd571e33a11eb5f0e5d265d73baef22dbb34c977f28df7e22de47b0bc",
                "sha256:2436b71346d1eed423577fac8cd3aa9c0832ea97452444dc7f856b2f09600dba",
                "sha256:4b8814d3f0cf01e8b8624125f7dcfb095893abcc04083cb4968fa1629bc81161",
                "sha256:4e6c2d8320168a4f76822fbb76df3b18688ac5e068d49ac38a4ce39af0f8e1a6",
                "sha256:6b2573c6367ec0052b37e375d18638a885dd7a10a5ef8dd726b391969c227f23",
                "sha256:6e2070e35f2aaca3d1259093c786d4e373004b36d89a94e81943247c6ed3d4e1",
                "sha256:89a2b45429bf945988a17b0404431d9d8fdc9e04fb2450b56fa01f6f9477101d",
                "sha256:8cf81f53ac5ad900ca443a8252c4e0bc1256f1c2cb2d8459df2ba1ac014dfa36",
                "sha256:9680ab256ab31bdafd74f6cf55eb570e5629b5604d50fd69dd1bd2a8124f0611",
                "sha256:a8020cc6145c6934192189058743a55189750df6dff894396edb8b35a380cc48",
                "sha256:b3bef3f2a2ab3c201784d12ec6b5c9e61c920c15b6854d8d2f62fd019e3df846",
                "sha256:b724a96eeb88842bd2371b1ffe2da73b6295063ba5c029aa34139d25b8315a3f",
                "sha256:c446555cbbc4f5e809f9c15ac1b6200024032d9859f5ac5a2ca7669d09e4c91c",
                "sha256:d9004e2cc90bb2862cdc1d062fac5163d3def55b200081d4520d3e90b4c7197b",
                "sha256:ef3102b70aa59ab3fed69df30465c1b7587d681e963dfff5146de233c75df7ba",
                "sha256:f12f39c1e5001e1c00df5873e3eee6f0232b7723a60b7ef438b1e23f1341df0e"
            ],
            "version": "==4.5.2.54"
        },
        "pandas": {
            "hashes": [
                "sha256:00dff3a8e337f5ed7ad295d98a31821d3d0fe7792da82d78d7fd79b89c03ea9d",
                "sha256:22361b1597c8c2ffd697aa9bf85423afa9e1fcfa6b1ea821054a244d5f24d75e",
                "sha256:255920e63850dc512ce356233081098554d641ba99c3767dde9e9f35630f994b",
                "sha256:26382aab9c119735908d94d2c5c08020a4a0a82969b7e5eefb92f902b3b30ad7",
                "sha256:33970f4cacdd9a0ddb8f21e151bfb9f178afb7c36eb7c25b9094c02876f385c2",
                "sha256:4545467a637e0e1393f7d05d61dace89689ad6d6f66f267f86fff737b702cce9",
                "sha256:52da74df8a9c9a103af0a72c9d5fdc8e0183a90884278db7f386b5692a2220a4",
                "sha256:61741f5aeb252f39c3031d11405305b6d10ce663c53bc3112705d7ad66c013d0",
                "sha256:6a3ac2c87e4e32a969921d1428525f09462770c349147aa8e9ab95f88c71ec71",
                "sha256:7458c48e3d15b8aaa7d575be60e1e4dd70348efcd9376656b72fecd55c59a4c3",
                "sha256:78bf638993219311377ce9836b3dc05f627a666d0dbc8cec37c0ff3c9ada673b",
                "sha256:8153705d6545fd9eb6dd2bc79301bff08825d2e2f716d5dced48daafc2d0b81f",
                "sha256:975c461accd14e89d71772e89108a050fa824c0b87a67d34cedf245f6681fc17",
                "sha256:9962957a27bfb70ab64103d0a7b42fa59c642fb4ed4cb75d0227b7bb9228535d",
                "sha256:adc3d3a3f9e59a38d923e90e20c4922fc62d1e5a03d083440468c6d8f3f1ae0a",
                "sha256:bbe3eb765a0b1e578833d243e2814b60c825b7fdbf4cdfe8e8aae8a08ed56ecf",
                "sha256:df8864824b1fe488cf778c3650ee59c3a0d8f42e53707de167ba6b4f7d35f133",
                "sha256:e45055c30a608076e31a9fcd780a956ed3b1fa20db61561b8d88b79259f526f7",
                "sha256:ee50c2142cdcf41995655d499a157d0a812fce55c97d9aad13bc1eef837ed36c"
            ],
            "index": "pypi",
            "version": "==0.25.3"
        },
        "parso": {
            "hashes": [
                "sha256:12b83492c6239ce32ff5eed6d3639d6a536170723c6f3f1506869f1ace413398",
                "sha256:a8c4922db71e4fdb90e0d0bc6e50f9b273d3397925e5e60a717e719201778d22"
            ],
            "version": "==0.8.2"
        },
        "pexpect": {
            "hashes": [
                "sha256:0b48a55dcb3c05f3329815901ea4fc1537514d6ba867a152b581d69ae3710937",
                "sha256:fc65a43959d153d0114afe13997d439c22823a27cefceb5ff35c2178c6784c0c"
            ],
            "markers": "sys_platform != 'win32'",
            "version": "==4.8.0"
        },
        "pickleshare": {
            "hashes": [
                "sha256:87683d47965c1da65cdacaf31c8441d12b8044cdec9aca500cd78fc2c683afca",
                "sha256:9649af414d74d4df115d5d718f82acb59c9d418196b7b4290ed47a12ce62df56"
            ],
            "version": "==0.7.5"
        },
        "pillow": {
            "hashes": [
                "sha256:01425106e4e8cee195a411f729cff2a7d61813b0b11737c12bd5991f5f14bcd5",
                "sha256:031a6c88c77d08aab84fecc05c3cde8414cd6f8406f4d2b16fed1e97634cc8a4",
                "sha256:083781abd261bdabf090ad07bb69f8f5599943ddb539d64497ed021b2a67e5a9",
                "sha256:0d19d70ee7c2ba97631bae1e7d4725cdb2ecf238178096e8c82ee481e189168a",
                "sha256:0e04d61f0064b545b989126197930807c86bcbd4534d39168f4aa5fda39bb8f9",
                "sha256:12e5e7471f9b637762453da74e390e56cc43e486a88289995c1f4c1dc0bfe727",
                "sha256:22fd0f42ad15dfdde6c581347eaa4adb9a6fc4b865f90b23378aa7914895e120",
                "sha256:238c197fc275b475e87c1453b05b467d2d02c2915fdfdd4af126145ff2e4610c",
                "sha256:3b570f84a6161cf8865c4e08adf629441f56e32f180f7aa4ccbd2e0a5a02cba2",
                "sha256:463822e2f0d81459e113372a168f2ff59723e78528f91f0bd25680ac185cf797",
                "sha256:4d98abdd6b1e3bf1a1cbb14c3895226816e666749ac040c4e2554231068c639b",
                "sha256:5afe6b237a0b81bd54b53f835a153770802f164c5570bab5e005aad693dab87f",
                "sha256:5b70110acb39f3aff6b74cf09bb4169b167e2660dabc304c1e25b6555fa781ef",
                "sha256:5cbf3e3b1014dddc45496e8cf38b9f099c95a326275885199f427825c6522232",
                "sha256:624b977355cde8b065f6d51b98497d6cd5fbdd4f36405f7a8790e3376125e2bb",
                "sha256:63728564c1410d99e6d1ae8e3b810fe012bc440952168af0a2877e8ff5ab96b9",
                "sha256:66cc56579fd91f517290ab02c51e3a80f581aba45fd924fcdee01fa06e635812",
                "sha256:6c32cc3145928c4305d142ebec682419a6c0a8ce9e33db900027ddca1ec39178",
                "sha256:8b56553c0345ad6dcb2e9b433ae47d67f95fc23fe28a0bde15a120f25257e291",
                "sha256:8bb1e155a74e1bfbacd84555ea62fa21c58e0b4e7e6b20e4447b8d07990ac78b",
                "sha256:95d5ef984eff897850f3a83883363da64aae1000e79cb3c321915468e8c6add5",
                "sha256:a013cbe25d20c2e0c4e85a9daf438f85121a4d0344ddc76e33fd7e3965d9af4b",
                "sha256:a787ab10d7bb5494e5f76536ac460741788f1fbce851068d73a87ca7c35fc3e1",
                "sha256:a7d5e9fad90eff8f6f6106d3b98b553a88b6f976e51fce287192a5d2d5363713",
                "sha256:aac00e4bc94d1b7813fe882c28990c1bc2f9d0e1aa765a5f2b516e8a6a16a9e4",
                "sha256:b91c36492a4bbb1ee855b7d16fe51379e5f96b85692dc8210831fbb24c43e484",
                "sha256:c03c07ed32c5324939b19e36ae5f75c660c81461e312a41aea30acdd46f93a7c",
                "sha256:c5236606e8570542ed424849f7852a0ff0bce2c4c8d0ba05cc202a5a9c97dee9",
                "sha256:c6b39294464b03457f9064e98c124e09008b35a62e3189d3513e5148611c9388",
                "sha256:cb7a09e173903541fa888ba010c345893cd9fc1b5891aaf060f6ca77b6a3722d",
                "sha256:d68cb92c408261f806b15923834203f024110a2e2872ecb0bd2a110f89d3c602",
                "sha256:dc38f57d8f20f06dd7c3161c59ca2c86893632623f33a42d592f097b00f720a9",
                "sha256:e98eca29a05913e82177b3ba3d198b1728e164869c613d76d0de4bde6768a50e",
                "sha256:f217c3954ce5fd88303fc0c317af55d5e0204106d86dea17eb8205700d47dec2"
            ],
            "index": "pypi",
            "version": "==8.2.0"
        },
        "prompt-toolkit": {
            "hashes": [
                "sha256:bf00f22079f5fadc949f42ae8ff7f05702826a97059ffcc6281036ad40ac6f04",
                "sha256:e1b4f11b9336a28fa11810bc623c357420f69dfdb6d2dac41ca2c21a55c033bc"
            ],
            "version": "==3.0.18"
        },
        "ptyprocess": {
            "hashes": [
                "sha256:4b41f3967fce3af57cc7e94b888626c18bf37a083e3651ca8feeb66d492fef35",
                "sha256:5c5d0a3b48ceee0b48485e0c26037c0acd7d29765ca3fbb5cb3831d347423220"
            ],
            "version": "==0.7.0"
        },
        "pycparser": {
            "hashes": [
                "sha256:2d475327684562c3a96cc71adf7dc8c4f0565175cf86b6d7a404ff4c771f15f0",
                "sha256:7582ad22678f0fcd81102833f60ef8d0e57288b6b5fb00323d101be910e35705"
            ],
            "version": "==2.20"
        },
        "pyglet": {
            "hashes": [
                "sha256:8b07aea16f34ac861cffd06a0c17723ca944d172e577b57b21859b7990709a66",
                "sha256:b00570e7cdf6971af8953b6ece50d83d13272afa5d1f1197c58c0f478dd17743"
            ],
            "version": "==1.3.2"
        },
        "pygments": {
            "hashes": [
                "sha256:a18f47b506a429f6f4b9df81bb02beab9ca21d0a5fee38ed15aef65f0545519f",
                "sha256:d66e804411278594d764fc69ec36ec13d9ae9147193a1740cd34d272ca383b8e"
            ],
            "version": "==2.9.0"
        },
        "pyparsing": {
            "hashes": [
                "sha256:c203ec8783bf771a155b207279b9bccb8dea02d8f0c9e5f8ead507bc3246ecc1",
                "sha256:ef9d7589ef3c200abe66653d3f1ab1033c3c419ae9b9bdb1240a85b024efc88b"
            ],
            "version": "==2.4.7"
        },
        "python-dateutil": {
            "hashes": [
                "sha256:73ebfe9dbf22e832286dafa60473e4cd239f8592f699aa5adaf10050e6e1823c",
                "sha256:75bb3f31ea686f1197762692a9ee6a7550b59fc6ca3a1f4b5d7e32fb98e2da2a"
            ],
            "version": "==2.8.1"
        },
        "pytz": {
            "hashes": [
                "sha256:83a4a90894bf38e243cf052c8b58f381bfe9a7a483f6a9cab140bc7f702ac4da",
                "sha256:eb10ce3e7736052ed3623d49975ce333bcd712c7bb19a58b9e2089d4057d0798"
            ],
            "version": "==2021.1"
        },
        "scikit-learn": {
            "hashes": [
                "sha256:06c9816249b9664ef1b04ad6a5d4dfe0c4017c584858c4e658861c2ac5eb4f31",
                "sha256:12ec6b2821a0b4d1b7cbe0e5d6387e64e25e6ec8cfef058b276a14509c3a537b",
                "sha256:13b9ac18d48c051dfea32783067f2e45552e45852b88f3bccdb5c72fa56df3fe",
                "sha256:1e0cb60dae75da9e72d38569d18bbad5008777defd23585035a1314a01af966c",
                "sha256:28033cb7b50b8a6c3762cddd41dc7e5449347dedfa353409a576082e76309d09",
                "sha256:2d35ece66767dd197d020940b1dab3be92ddbb1c96aaef0936d9c4369d544d69",
                "sha256:51ee25330fc244107588545c70e2f3570cfc4017cff09eed69d6e1d82a212b7d",
                "sha256:571476fbb826c87ad300a5aad0238c14a590ab7df5cb823ee19ac077bf13b5f4",
                "sha256:5e0b5bebfd8bd8ab89b58c44acb95ddcc9439b23c875ed597842991cafc18b62",
                "sha256:671874343a0b33bc0dbcae4af0b9a77c55b8132b33887fbfe086681c3f010840",
                "sha256:6fad30299ef3dd103871ad1235b445fd5d2df47c424746eaf3c50fbc99c49cef",
                "sha256:7f1cdfd3c5e9d0951e273f49bb25bd9886537ab77e2273502b8676c3105828ae",
                "sha256:80eec2f54cc7f51c5abb743f09506e009ba2b95bf6fb0e554aa0d8959b680003",
                "sha256:93001af23b0f1e68d93447f9d56bad631d4fc28eafd78b09469fb55aeff715b1",
                "sha256:956a68772df02342af129e8bbe858b3053745c36beb6351a13641e3b56e0df23",
                "sha256:96e1365ba285903e493b1e9505b533171c852f7069d038dcc3395ece952fdc78",
                "sha256:bacc63185520d9eb295d79fa62c388fd7145783920a1fb113451a0b294994cad",
                "sha256:d92b81615854504c27063e0970aed37e644eea5991444558c8aca8fadc1483b3",
                "sha256:d92ed650c32db013f66bba63af4922bd7a9b8c5802d4ee292332e504e567bd4a",
                "sha256:ebdf03b6e7f784e360ab26cf400cd2125d650c0903ef11086c0a3f2b4b07e603",
                "sha256:f18ae2abc09cb94a171840829a8132dda7267c941eb431387a6014f943946825"
            ],
            "index": "pypi",
            "version": "==0.22.1"
        },
        "scipy": {
            "hashes": [
                "sha256:168c45c0c32e23f613db7c9e4e780bc61982d71dcd406ead746c7c7c2f2004ce",
                "sha256:213bc59191da2f479984ad4ec39406bf949a99aba70e9237b916ce7547b6ef42",
                "sha256:25b241034215247481f53355e05f9e25462682b13bd9191359075682adcd9554",
                "sha256:2c872de0c69ed20fb1a9b9cf6f77298b04a26f0b8720a5457be08be254366c6e",
                "sha256:3397c129b479846d7eaa18f999369a24322d008fac0782e7828fa567358c36ce",
                "sha256:368c0f69f93186309e1b4beb8e26d51dd6f5010b79264c0f1e9ca00cd92ea8c9",
                "sha256:3d5db5d815370c28d938cf9b0809dade4acf7aba57eaf7ef733bfedc9b2474c4",
                "sha256:4598cf03136067000855d6b44d7a1f4f46994164bcd450fb2c3d481afc25dd06",
                "sha256:4a453d5e5689de62e5d38edf40af3f17560bfd63c9c5bd228c18c1f99afa155b",
                "sha256:4f12d13ffbc16e988fa40809cbbd7a8b45bc05ff6ea0ba8e3e41f6f4db3a9e47",
                "sha256:634568a3018bc16a83cda28d4f7aed0d803dd5618facb36e977e53b2df868443",
                "sha256:65923bc3809524e46fb7eb4d6346552cbb6a1ffc41be748535aa502a2e3d3389",
                "sha256:6b0ceb23560f46dd236a8ad4378fc40bad1783e997604ba845e131d6c680963e",
                "sha256:8c8d6ca19c8497344b810b0b0344f8375af5f6bb9c98bd42e33f747417ab3f57",
                "sha256:9ad4fcddcbf5dc67619379782e6aeef41218a79e17979aaed01ed099876c0e62",
                "sha256:a254b98dbcc744c723a838c03b74a8a34c0558c9ac5c86d5561703362231107d",
                "sha256:b03c4338d6d3d299e8ca494194c0ae4f611548da59e3c038813f1a43976cb437",
                "sha256:cc1f78ebc982cd0602c9a7615d878396bec94908db67d4ecddca864d049112f2",
                "sha256:d6d25c41a009e3c6b7e757338948d0076ee1dd1770d1c09ec131f11946883c54",
                "sha256:d84cadd7d7998433334c99fa55bcba0d8b4aeff0edb123b2a1dfcface538e474",
                "sha256:e360cb2299028d0b0d0f65a5c5e51fc16a335f1603aa2357c25766c8dab56938",
                "sha256:e98d49a5717369d8241d6cf33ecb0ca72deee392414118198a8e5b4c35c56340",
                "sha256:ed572470af2438b526ea574ff8f05e7f39b44ac37f712105e57fc4d53a6fb660",
                "sha256:f87b39f4d69cf7d7529d7b1098cb712033b17ea7714aed831b95628f483fd012",
                "sha256:fa789583fc94a7689b45834453fec095245c7e69c58561dc159b5d5277057e4c"
            ],
            "version": "==1.5.4"
        },
        "six": {
            "hashes": [
                "sha256:1e61c37477a1626458e36f7b1d82aa5c9b094fa4802892072e49de9c60c4c926",
                "sha256:8abb2f1d86890a2dfb989f9a77cfcfd3e47c2a354b01111771326f8aa26e0254"
            ],
            "version": "==1.16.0"
        },
        "traitlets": {
            "hashes": [
                "sha256:70b4c6a1d9019d7b4f6846832288f86998aa3b9207c6821f3578a6a6a467fe44",
                "sha256:d023ee369ddd2763310e4c3eae1ff649689440d4ae59d7485eb4cfbbe3e359f7"
            ],
            "version": "==4.3.3"
        },
        "wcwidth": {
            "hashes": [
                "sha256:beb4802a9cebb9144e99086eff703a642a13d6a0052920003a230f3294bbe784",
                "sha256:c4d647b99872929fdb7bdcaa4fbe7f01413ed3d98077df798530e5b04f116c83"
            ],
            "version": "==0.2.5"
        }
    },
    "develop": {}
}
